
Microsoft Visual Studio Solution File, Format Version 12.00
# Visual Studio Version 17
VisualStudioVersion = 17.2.32519.379
MinimumVisualStudioVersion = 10.0.40219.1
Project("{FAE04EC0-301F-11D3-BF4B-00C04F79EFBC}") = "FinalAssignment", "FinalAssignment\FinalAssignment.csproj", "{F84BE815-1527-4BC1-9C8B-BA8290921E0F}"
EndProject
Global
	GlobalSection(SolutionConfigurationPlatforms) = preSolution
		Debug|Any CPU = Debug|Any CPU
		Release|Any CPU = Release|Any CPU
	EndGlobalSection
	GlobalSection(ProjectConfigurationPlatforms) = postSolution
		{F84BE815-1527-4BC1-9C8B-BA8290921E0F}.Debug|Any CPU.ActiveCfg = Debug|Any CPU
		{F84BE815-1527-4BC1-9C8B-BA8290921E0F}.Debug|Any CPU.Build.0 = Debug|Any CPU
		{F84BE815-1527-4BC1-9C8B-BA8290921E0F}.Release|Any CPU.ActiveCfg = Release|Any CPU
		{F84BE815-1527-4BC1-9C8B-BA8290921E0F}.Release|Any CPU.Build.0 = Release|Any CPU
	EndGlobalSection
	GlobalSection(SolutionProperties) = preSolution
		HideSolutionNode = FALSE
	EndGlobalSection
	GlobalSection(ExtensibilityGlobals) = postSolution
		SolutionGuid = {2EA5339E-F361-4978-8F69-2677D0D98FB6}
	EndGlobalSection
EndGlobal
